
Microsoft Visual Studio Solution File, Format Version 12.00
# Visual Studio Version 17
VisualStudioVersion = 17.4.33122.133
MinimumVisualStudioVersion = 10.0.40219.1
Project("{FAE04EC0-301F-11D3-BF4B-00C04F79EFBC}") = "Alistırma4", "Alistırma4\Alistırma4.csproj", "{3402FB93-94E6-463F-B3CB-C031B9FB8903}"
EndProject
Global
	GlobalSection(SolutionConfigurationPlatforms) = preSolution
		Debug|Any CPU = Debug|Any CPU
		Release|Any CPU = Release|Any CPU
	EndGlobalSection
	GlobalSection(ProjectConfigurationPlatforms) = postSolution
		{3402FB93-94E6-463F-B3CB-C031B9FB8903}.Debug|Any CPU.ActiveCfg = Debug|Any CPU
		{3402FB93-94E6-463F-B3CB-C031B9FB8903}.Debug|Any CPU.Build.0 = Debug|Any CPU
		{3402FB93-94E6-463F-B3CB-C031B9FB8903}.Release|Any CPU.ActiveCfg = Release|Any CPU
		{3402FB93-94E6-463F-B3CB-C031B9FB8903}.Release|Any CPU.Build.0 = Release|Any CPU
	EndGlobalSection
	GlobalSection(SolutionProperties) = preSolution
		HideSolutionNode = FALSE
	EndGlobalSection
	GlobalSection(ExtensibilityGlobals) = postSolution
		SolutionGuid = {4782032E-C671-46FF-8693-BB25A7C55121}
	EndGlobalSection
EndGlobal
